version: '2'
services:
  # Consul
  consul:
    image: gliderlabs/consul-server:latest
    command: "-server -bootstrap"
    ports:
      - 80:8500
    networks:
      2immerse:
        aliases:
          - consul.service.consul

  registrator:
    image: gliderlabs/registrator:v7
    command: "consul://consul:8500"
    depends_on:
      - consul
    volumes:
      - "/var/run/docker.sock:/tmp/docker.sock"
    networks:
      - 2immerse

  telegraf:
    image: telegraf
    environment:
      INFLUX_URL: "${INFLUX_URL}"
      INFLUX_TOKEN: "${INFLUX_TOKEN}"
    volumes:
      - /var/run/docker.sock:/var/run/docker.sock
      - ./telegraf/wallclock.conf:/etc/telegraf/telegraf.conf:ro
    depends_on:
      - redis
    labels:
      - "SERVICE_NAME=telegraf"
    networks:
      2immerse:
        aliases:
          - telegraf.service.consul

  wallclockservice:
    build: ./wallclock-service
    image: wallclockservice
    ports:
      - "6677:6677/udp"
      - "6676:6676"
      - "6675:80"
    labels:
      - "SERVICE_NAME=wallclock-service"
    depends_on:
      - registrator
    networks:
      2immerse:
        aliases:
          - wallclock-service.service.consul

networks:
  2immerse:
    driver: bridge
